
Microsoft Visual Studio Solution File, Format Version 11.00
# Visual Studio 2010
Project("{FAE04EC0-301F-11D3-BF4B-00C04F79EFBC}") = "Assembly-CSharp", "Assembly-CSharp.csproj", "{836661c5-1073-11d2-91bb-ac35f066bb8f}"
EndProject
Project("{FAE04EC0-301F-11D3-BF4B-00C04F79EFBC}") = "PhotonUnityNetworking.Demos", "PhotonUnityNetworking.Demos.csproj", "{927f155c-7923-fe68-ef82-338b698d5d20}"
EndProject
Project("{FAE04EC0-301F-11D3-BF4B-00C04F79EFBC}") = "PhotonRealtime", "PhotonRealtime.csproj", "{216bee1b-0a01-4992-7b36-222936579f11}"
EndProject
Project("{FAE04EC0-301F-11D3-BF4B-00C04F79EFBC}") = "PhotonUnityNetworking", "PhotonUnityNetworking.csproj", "{109d0dc3-df5c-a62a-f18b-8730e7558e55}"
EndProject
Project("{FAE04EC0-301F-11D3-BF4B-00C04F79EFBC}") = "PhotonUnityNetworking.Utilities", "PhotonUnityNetworking.Utilities.csproj", "{6123a542-d7ef-2288-fc9a-44bf86c70f32}"
EndProject
Project("{FAE04EC0-301F-11D3-BF4B-00C04F79EFBC}") = "PhotonChat", "PhotonChat.csproj", "{f2f44e8f-bc26-b0ed-1121-e8cfa1b824fb}"
EndProject
Project("{FAE04EC0-301F-11D3-BF4B-00C04F79EFBC}") = "PhotonUnityNetworking.Editor", "PhotonUnityNetworking.Editor.csproj", "{d1665e5d-e967-af78-359c-2d5ddf93a3e6}"
EndProject
Project("{FAE04EC0-301F-11D3-BF4B-00C04F79EFBC}") = "PhotonUnityNetworking.Utilities.PhotonPlayer.Editor", "PhotonUnityNetworking.Utilities.PhotonPlayer.Editor.csproj", "{a947fc7a-b644-0f14-9d78-7ce95b3c764c}"
EndProject
Project("{FAE04EC0-301F-11D3-BF4B-00C04F79EFBC}") = "PunDemos.DemoSlotcarEditor", "PunDemos.DemoSlotcarEditor.csproj", "{1454ea7e-aa7a-d625-7a0b-f5520814465a}"
EndProject
Project("{FAE04EC0-301F-11D3-BF4B-00C04F79EFBC}") = "PhotonUnityNetworking.Utilities.Culling.Editor", "PhotonUnityNetworking.Utilities.Culling.Editor.csproj", "{399ca743-9427-49ab-bab2-e6bd1797c9f8}"
EndProject
Project("{FAE04EC0-301F-11D3-BF4B-00C04F79EFBC}") = "PunDemos.DemoHubEditor", "PunDemos.DemoHubEditor.csproj", "{e6016815-d2db-ad60-2742-9709d9fd3e13}"
EndProject
Project("{FAE04EC0-301F-11D3-BF4B-00C04F79EFBC}") = "Assembly-CSharp-Editor", "Assembly-CSharp-Editor.csproj", "{4c915541-dc3a-da7e-55ac-930b57e65ce1}"
EndProject
Global
	GlobalSection(SolutionConfigurationPlatforms) = preSolution
		Debug|Any CPU = Debug|Any CPU
	EndGlobalSection
	GlobalSection(ProjectConfigurationPlatforms) = postSolution
		{836661c5-1073-11d2-91bb-ac35f066bb8f}.Debug|Any CPU.ActiveCfg = Debug|Any CPU
		{836661c5-1073-11d2-91bb-ac35f066bb8f}.Debug|Any CPU.Build.0 = Debug|Any CPU
		{927f155c-7923-fe68-ef82-338b698d5d20}.Debug|Any CPU.ActiveCfg = Debug|Any CPU
		{927f155c-7923-fe68-ef82-338b698d5d20}.Debug|Any CPU.Build.0 = Debug|Any CPU
		{216bee1b-0a01-4992-7b36-222936579f11}.Debug|Any CPU.ActiveCfg = Debug|Any CPU
		{216bee1b-0a01-4992-7b36-222936579f11}.Debug|Any CPU.Build.0 = Debug|Any CPU
		{109d0dc3-df5c-a62a-f18b-8730e7558e55}.Debug|Any CPU.ActiveCfg = Debug|Any CPU
		{109d0dc3-df5c-a62a-f18b-8730e7558e55}.Debug|Any CPU.Build.0 = Debug|Any CPU
		{6123a542-d7ef-2288-fc9a-44bf86c70f32}.Debug|Any CPU.ActiveCfg = Debug|Any CPU
		{6123a542-d7ef-2288-fc9a-44bf86c70f32}.Debug|Any CPU.Build.0 = Debug|Any CPU
		{f2f44e8f-bc26-b0ed-1121-e8cfa1b824fb}.Debug|Any CPU.ActiveCfg = Debug|Any CPU
		{f2f44e8f-bc26-b0ed-1121-e8cfa1b824fb}.Debug|Any CPU.Build.0 = Debug|Any CPU
		{d1665e5d-e967-af78-359c-2d5ddf93a3e6}.Debug|Any CPU.ActiveCfg = Debug|Any CPU
		{d1665e5d-e967-af78-359c-2d5ddf93a3e6}.Debug|Any CPU.Build.0 = Debug|Any CPU
		{a947fc7a-b644-0f14-9d78-7ce95b3c764c}.Debug|Any CPU.ActiveCfg = Debug|Any CPU
		{a947fc7a-b644-0f14-9d78-7ce95b3c764c}.Debug|Any CPU.Build.0 = Debug|Any CPU
		{1454ea7e-aa7a-d625-7a0b-f5520814465a}.Debug|Any CPU.ActiveCfg = Debug|Any CPU
		{1454ea7e-aa7a-d625-7a0b-f5520814465a}.Debug|Any CPU.Build.0 = Debug|Any CPU
		{399ca743-9427-49ab-bab2-e6bd1797c9f8}.Debug|Any CPU.ActiveCfg = Debug|Any CPU
		{399ca743-9427-49ab-bab2-e6bd1797c9f8}.Debug|Any CPU.Build.0 = Debug|Any CPU
		{e6016815-d2db-ad60-2742-9709d9fd3e13}.Debug|Any CPU.ActiveCfg = Debug|Any CPU
		{e6016815-d2db-ad60-2742-9709d9fd3e13}.Debug|Any CPU.Build.0 = Debug|Any CPU
		{4c915541-dc3a-da7e-55ac-930b57e65ce1}.Debug|Any CPU.ActiveCfg = Debug|Any CPU
		{4c915541-dc3a-da7e-55ac-930b57e65ce1}.Debug|Any CPU.Build.0 = Debug|Any CPU
	EndGlobalSection
	GlobalSection(SolutionProperties) = preSolution
		HideSolutionNode = FALSE
	EndGlobalSection
EndGlobal
